
Microsoft Visual Studio Solution File, Format Version 12.00
# Visual Studio 15
VisualStudioVersion = 15.0.27703.2000
MinimumVisualStudioVersion = 10.0.40219.1
Project("{FAE04EC0-301F-11D3-BF4B-00C04F79EFBC}") = "Phoneword.Android", "Phoneword\Phoneword.Android\Phoneword.Android.csproj", "{272D008E-84EE-499B-B1BC-50D449E18299}"
EndProject
Project("{FAE04EC0-301F-11D3-BF4B-00C04F79EFBC}") = "Phoneword.UWP", "Phoneword\Phoneword.UWP\Phoneword.UWP.csproj", "{7A8705D2-71DF-4630-8982-A2AA75283BCE}"
EndProject
Project("{FAE04EC0-301F-11D3-BF4B-00C04F79EFBC}") = "Phoneword", "Phoneword\Phoneword\Phoneword.csproj", "{91696CEC-4A65-492D-AAA3-A9D3ECECE50A}"
EndProject
Global
	GlobalSection(SolutionConfigurationPlatforms) = preSolution
		Debug|Any CPU = Debug|Any CPU
		Debug|ARM = Debug|ARM
		Debug|x64 = Debug|x64
		Debug|x86 = Debug|x86
		Release|Any CPU = Release|Any CPU
		Release|ARM = Release|ARM
		Release|x64 = Release|x64
		Release|x86 = Release|x86
	EndGlobalSection
	GlobalSection(ProjectConfigurationPlatforms) = postSolution
		{272D008E-84EE-499B-B1BC-50D449E18299}.Debug|Any CPU.ActiveCfg = Debug|Any CPU
		{272D008E-84EE-499B-B1BC-50D449E18299}.Debug|Any CPU.Build.0 = Debug|Any CPU
		{272D008E-84EE-499B-B1BC-50D449E18299}.Debug|Any CPU.Deploy.0 = Debug|Any CPU
		{272D008E-84EE-499B-B1BC-50D449E18299}.Debug|ARM.ActiveCfg = Debug|Any CPU
		{272D008E-84EE-499B-B1BC-50D449E18299}.Debug|ARM.Build.0 = Debug|Any CPU
		{272D008E-84EE-499B-B1BC-50D449E18299}.Debug|ARM.Deploy.0 = Debug|Any CPU
		{272D008E-84EE-499B-B1BC-50D449E18299}.Debug|x64.ActiveCfg = Debug|Any CPU
		{272D008E-84EE-499B-B1BC-50D449E18299}.Debug|x64.Build.0 = Debug|Any CPU
		{272D008E-84EE-499B-B1BC-50D449E18299}.Debug|x64.Deploy.0 = Debug|Any CPU
		{272D008E-84EE-499B-B1BC-50D449E18299}.Debug|x86.ActiveCfg = Debug|Any CPU
		{272D008E-84EE-499B-B1BC-50D449E18299}.Debug|x86.Build.0 = Debug|Any CPU
		{272D008E-84EE-499B-B1BC-50D449E18299}.Debug|x86.Deploy.0 = Debug|Any CPU
		{272D008E-84EE-499B-B1BC-50D449E18299}.Release|Any CPU.ActiveCfg = Release|Any CPU
		{272D008E-84EE-499B-B1BC-50D449E18299}.Release|Any CPU.Build.0 = Release|Any CPU
		{272D008E-84EE-499B-B1BC-50D449E18299}.Release|Any CPU.Deploy.0 = Release|Any CPU
		{272D008E-84EE-499B-B1BC-50D449E18299}.Release|ARM.ActiveCfg = Release|Any CPU
		{272D008E-84EE-499B-B1BC-50D449E18299}.Release|ARM.Build.0 = Release|Any CPU
		{272D008E-84EE-499B-B1BC-50D449E18299}.Release|ARM.Deploy.0 = Release|Any CPU
		{272D008E-84EE-499B-B1BC-50D449E18299}.Release|x64.ActiveCfg = Release|Any CPU
		{272D008E-84EE-499B-B1BC-50D449E18299}.Release|x64.Build.0 = Release|Any CPU
		{272D008E-84EE-499B-B1BC-50D449E18299}.Release|x64.Deploy.0 = Release|Any CPU
		{272D008E-84EE-499B-B1BC-50D449E18299}.Release|x86.ActiveCfg = Release|Any CPU
		{272D008E-84EE-499B-B1BC-50D449E18299}.Release|x86.Build.0 = Release|Any CPU
		{272D008E-84EE-499B-B1BC-50D449E18299}.Release|x86.Deploy.0 = Release|Any CPU
		{7A8705D2-71DF-4630-8982-A2AA75283BCE}.Debug|Any CPU.ActiveCfg = Debug|x86
		{7A8705D2-71DF-4630-8982-A2AA75283BCE}.Debug|Any CPU.Build.0 = Debug|x86
		{7A8705D2-71DF-4630-8982-A2AA75283BCE}.Debug|Any CPU.Deploy.0 = Debug|x86
		{7A8705D2-71DF-4630-8982-A2AA75283BCE}.Debug|ARM.ActiveCfg = Debug|ARM
		{7A8705D2-71DF-4630-8982-A2AA75283BCE}.Debug|ARM.Build.0 = Debug|ARM
		{7A8705D2-71DF-4630-8982-A2AA75283BCE}.Debug|ARM.Deploy.0 = Debug|ARM
		{7A8705D2-71DF-4630-8982-A2AA75283BCE}.Debug|x64.ActiveCfg = Debug|x64
		{7A8705D2-71DF-4630-8982-A2AA75283BCE}.Debug|x64.Build.0 = Debug|x64
		{7A8705D2-71DF-4630-8982-A2AA75283BCE}.Debug|x64.Deploy.0 = Debug|x64
		{7A8705D2-71DF-4630-8982-A2AA75283BCE}.Debug|x86.ActiveCfg = Debug|x86
		{7A8705D2-71DF-4630-8982-A2AA75283BCE}.Debug|x86.Build.0 = Debug|x86
		{7A8705D2-71DF-4630-8982-A2AA75283BCE}.Debug|x86.Deploy.0 = Debug|x86
		{7A8705D2-71DF-4630-8982-A2AA75283BCE}.Release|Any CPU.ActiveCfg = Release|x86
		{7A8705D2-71DF-4630-8982-A2AA75283BCE}.Release|Any CPU.Build.0 = Release|x86
		{7A8705D2-71DF-4630-8982-A2AA75283BCE}.Release|Any CPU.Deploy.0 = Release|x86
		{7A8705D2-71DF-4630-8982-A2AA75283BCE}.Release|ARM.ActiveCfg = Release|ARM
		{7A8705D2-71DF-4630-8982-A2AA75283BCE}.Release|ARM.Build.0 = Release|ARM
		{7A8705D2-71DF-4630-8982-A2AA75283BCE}.Release|ARM.Deploy.0 = Release|ARM
		{7A8705D2-71DF-4630-8982-A2AA75283BCE}.Release|x64.ActiveCfg = Release|x64
		{7A8705D2-71DF-4630-8982-A2AA75283BCE}.Release|x64.Build.0 = Release|x64
		{7A8705D2-71DF-4630-8982-A2AA75283BCE}.Release|x64.Deploy.0 = Release|x64
		{7A8705D2-71DF-4630-8982-A2AA75283BCE}.Release|x86.ActiveCfg = Release|x86
		{7A8705D2-71DF-4630-8982-A2AA75283BCE}.Release|x86.Build.0 = Release|x86
		{7A8705D2-71DF-4630-8982-A2AA75283BCE}.Release|x86.Deploy.0 = Release|x86
		{91696CEC-4A65-492D-AAA3-A9D3ECECE50A}.Debug|Any CPU.ActiveCfg = Debug|Any CPU
		{91696CEC-4A65-492D-AAA3-A9D3ECECE50A}.Debug|Any CPU.Build.0 = Debug|Any CPU
		{91696CEC-4A65-492D-AAA3-A9D3ECECE50A}.Debug|Any CPU.Deploy.0 = Debug|Any CPU
		{91696CEC-4A65-492D-AAA3-A9D3ECECE50A}.Debug|ARM.ActiveCfg = Debug|Any CPU
		{91696CEC-4A65-492D-AAA3-A9D3ECECE50A}.Debug|ARM.Build.0 = Debug|Any CPU
		{91696CEC-4A65-492D-AAA3-A9D3ECECE50A}.Debug|ARM.Deploy.0 = Debug|Any CPU
		{91696CEC-4A65-492D-AAA3-A9D3ECECE50A}.Debug|x64.ActiveCfg = Debug|Any CPU
		{91696CEC-4A65-492D-AAA3-A9D3ECECE50A}.Debug|x64.Build.0 = Debug|Any CPU
		{91696CEC-4A65-492D-AAA3-A9D3ECECE50A}.Debug|x64.Deploy.0 = Debug|Any CPU
		{91696CEC-4A65-492D-AAA3-A9D3ECECE50A}.Debug|x86.ActiveCfg = Debug|Any CPU
		{91696CEC-4A65-492D-AAA3-A9D3ECECE50A}.Debug|x86.Build.0 = Debug|Any CPU
		{91696CEC-4A65-492D-AAA3-A9D3ECECE50A}.Debug|x86.Deploy.0 = Debug|Any CPU
		{91696CEC-4A65-492D-AAA3-A9D3ECECE50A}.Release|Any CPU.ActiveCfg = Release|Any CPU
		{91696CEC-4A65-492D-AAA3-A9D3ECECE50A}.Release|Any CPU.Build.0 = Release|Any CPU
		{91696CEC-4A65-492D-AAA3-A9D3ECECE50A}.Release|Any CPU.Deploy.0 = Release|Any CPU
		{91696CEC-4A65-492D-AAA3-A9D3ECECE50A}.Release|ARM.ActiveCfg = Release|Any CPU
		{91696CEC-4A65-492D-AAA3-A9D3ECECE50A}.Release|ARM.Build.0 = Release|Any CPU
		{91696CEC-4A65-492D-AAA3-A9D3ECECE50A}.Release|ARM.Deploy.0 = Release|Any CPU
		{91696CEC-4A65-492D-AAA3-A9D3ECECE50A}.Release|x64.ActiveCfg = Release|Any CPU
		{91696CEC-4A65-492D-AAA3-A9D3ECECE50A}.Release|x64.Build.0 = Release|Any CPU
		{91696CEC-4A65-492D-AAA3-A9D3ECECE50A}.Release|x64.Deploy.0 = Release|Any CPU
		{91696CEC-4A65-492D-AAA3-A9D3ECECE50A}.Release|x86.ActiveCfg = Release|Any CPU
		{91696CEC-4A65-492D-AAA3-A9D3ECECE50A}.Release|x86.Build.0 = Release|Any CPU
		{91696CEC-4A65-492D-AAA3-A9D3ECECE50A}.Release|x86.Deploy.0 = Release|Any CPU
	EndGlobalSection
	GlobalSection(SolutionProperties) = preSolution
		HideSolutionNode = FALSE
	EndGlobalSection
	GlobalSection(ExtensibilityGlobals) = postSolution
		SolutionGuid = {080FB8B6-878A-44D4-AD95-A6B117BEA7CD}
	EndGlobalSection
EndGlobal
